
Microsoft Visual Studio Solution File, Format Version 12.00
# Visual Studio Version 17
VisualStudioVersion = 17.4.33213.308
MinimumVisualStudioVersion = 10.0.40219.1
Project("{FAE04EC0-301F-11D3-BF4B-00C04F79EFBC}") = "CreditEvents", "CreditEvents\CreditEvents.csproj", "{1D1738E6-9995-4C86-86CF-BCA10332704C}"
EndProject
Global
	GlobalSection(SolutionConfigurationPlatforms) = preSolution
		Debug|Any CPU = Debug|Any CPU
		Release|Any CPU = Release|Any CPU
	EndGlobalSection
	GlobalSection(ProjectConfigurationPlatforms) = postSolution
		{1D1738E6-9995-4C86-86CF-BCA10332704C}.Debug|Any CPU.ActiveCfg = Debug|Any CPU
		{1D1738E6-9995-4C86-86CF-BCA10332704C}.Debug|Any CPU.Build.0 = Debug|Any CPU
		{1D1738E6-9995-4C86-86CF-BCA10332704C}.Release|Any CPU.ActiveCfg = Release|Any CPU
		{1D1738E6-9995-4C86-86CF-BCA10332704C}.Release|Any CPU.Build.0 = Release|Any CPU
	EndGlobalSection
	GlobalSection(SolutionProperties) = preSolution
		HideSolutionNode = FALSE
	EndGlobalSection
	GlobalSection(ExtensibilityGlobals) = postSolution
		SolutionGuid = {DAAA6431-0EC7-47CA-896D-B4556EF159EC}
	EndGlobalSection
EndGlobal
